
Microsoft Visual Studio Solution File, Format Version 12.00
# Visual Studio Version 17
VisualStudioVersion = 17.3.32929.385
MinimumVisualStudioVersion = 10.0.40219.1
Project("{FAE04EC0-301F-11D3-BF4B-00C04F79EFBC}") = "JustePrixFR", "JustePrixFR\JustePrixFR.csproj", "{45173869-9E72-4F44-AA6E-06C6448D7A45}"
EndProject
Global
	GlobalSection(SolutionConfigurationPlatforms) = preSolution
		Debug|Any CPU = Debug|Any CPU
		Release|Any CPU = Release|Any CPU
	EndGlobalSection
	GlobalSection(ProjectConfigurationPlatforms) = postSolution
		{45173869-9E72-4F44-AA6E-06C6448D7A45}.Debug|Any CPU.ActiveCfg = Debug|Any CPU
		{45173869-9E72-4F44-AA6E-06C6448D7A45}.Debug|Any CPU.Build.0 = Debug|Any CPU
		{45173869-9E72-4F44-AA6E-06C6448D7A45}.Release|Any CPU.ActiveCfg = Release|Any CPU
		{45173869-9E72-4F44-AA6E-06C6448D7A45}.Release|Any CPU.Build.0 = Release|Any CPU
	EndGlobalSection
	GlobalSection(SolutionProperties) = preSolution
		HideSolutionNode = FALSE
	EndGlobalSection
	GlobalSection(ExtensibilityGlobals) = postSolution
		SolutionGuid = {166CA647-48EE-4E92-9BB3-B04910457DC6}
	EndGlobalSection
EndGlobal
